
Microsoft Visual Studio Solution File, Format Version 9.00
# Visual Studio 2005
Project("{FAE04EC0-301F-11D3-BF4B-00C04F79EFBC}") = "eduGRID_ManagerApp", "eduGRID_ManagerApp.csproj", "{678BDBA3-EEE2-4876-85FF-B6E8D73F34BB}"
EndProject
Global
	GlobalSection(SolutionConfigurationPlatforms) = preSolution
		Debug|Any CPU = Debug|Any CPU
		Release|Any CPU = Release|Any CPU
	EndGlobalSection
	GlobalSection(ProjectConfigurationPlatforms) = postSolution
		{678BDBA3-EEE2-4876-85FF-B6E8D73F34BB}.Debug|Any CPU.ActiveCfg = Debug|Any CPU
		{678BDBA3-EEE2-4876-85FF-B6E8D73F34BB}.Debug|Any CPU.Build.0 = Debug|Any CPU
		{678BDBA3-EEE2-4876-85FF-B6E8D73F34BB}.Release|Any CPU.ActiveCfg = Release|Any CPU
		{678BDBA3-EEE2-4876-85FF-B6E8D73F34BB}.Release|Any CPU.Build.0 = Release|Any CPU
	EndGlobalSection
	GlobalSection(SolutionProperties) = preSolution
		HideSolutionNode = FALSE
	EndGlobalSection
EndGlobal
