Microsoft Visual Studio Solution File, Format Version 8.00
Project("{FAE04EC0-301F-11D3-BF4B-00C04F79EFBC}") = "CrossPlatformManager", "http://localhost/Alchemi.CrossPlatformManager/CrossPlatformManager.csproj", "{B3EDA024-7864-4335-9817-67A78064C360}"
	ProjectSection(ProjectDependencies) = postProject
	EndProjectSection
EndProject
Global
	GlobalSection(SolutionConfiguration) = preSolution
		Debug = Debug
		Release = Release
	EndGlobalSection
	GlobalSection(ProjectConfiguration) = postSolution
		{B3EDA024-7864-4335-9817-67A78064C360}.Debug.ActiveCfg = Debug|.NET
		{B3EDA024-7864-4335-9817-67A78064C360}.Debug.Build.0 = Debug|.NET
		{B3EDA024-7864-4335-9817-67A78064C360}.Release.ActiveCfg = Release|.NET
		{B3EDA024-7864-4335-9817-67A78064C360}.Release.Build.0 = Release|.NET
	EndGlobalSection
	GlobalSection(ExtensibilityGlobals) = postSolution
	EndGlobalSection
	GlobalSection(ExtensibilityAddIns) = postSolution
	EndGlobalSection
EndGlobal
