
Microsoft Visual Studio Solution File, Format Version 9.00
# Visual Studio 2005
Project("{FAE04EC0-301F-11D3-BF4B-00C04F79EFBC}") = "eduGRID_Client", "eduGRID_Client.csproj", "{B2BF1D88-94E3-4B98-9346-EF8EE15E164A}"
EndProject
Project("{FAE04EC0-301F-11D3-BF4B-00C04F79EFBC}") = "BarUI", "ConfXP.Base\MSR.LST.ConferenceXP\BarUI\BarUI.csproj", "{90CBC7CA-7856-4477-B601-1C45DB6944FD}"
EndProject
Global
	GlobalSection(SolutionConfigurationPlatforms) = preSolution
		Debug|Any CPU = Debug|Any CPU
		Release|Any CPU = Release|Any CPU
	EndGlobalSection
	GlobalSection(ProjectConfigurationPlatforms) = postSolution
		{B2BF1D88-94E3-4B98-9346-EF8EE15E164A}.Debug|Any CPU.ActiveCfg = Debug|Any CPU
		{B2BF1D88-94E3-4B98-9346-EF8EE15E164A}.Debug|Any CPU.Build.0 = Debug|Any CPU
		{B2BF1D88-94E3-4B98-9346-EF8EE15E164A}.Release|Any CPU.ActiveCfg = Release|Any CPU
		{B2BF1D88-94E3-4B98-9346-EF8EE15E164A}.Release|Any CPU.Build.0 = Release|Any CPU
		{90CBC7CA-7856-4477-B601-1C45DB6944FD}.Debug|Any CPU.ActiveCfg = Debug|Any CPU
		{90CBC7CA-7856-4477-B601-1C45DB6944FD}.Debug|Any CPU.Build.0 = Debug|Any CPU
		{90CBC7CA-7856-4477-B601-1C45DB6944FD}.Release|Any CPU.ActiveCfg = Release|Any CPU
		{90CBC7CA-7856-4477-B601-1C45DB6944FD}.Release|Any CPU.Build.0 = Release|Any CPU
	EndGlobalSection
	GlobalSection(SolutionProperties) = preSolution
		HideSolutionNode = FALSE
	EndGlobalSection
EndGlobal
