
Microsoft Visual Studio Solution File, Format Version 9.00
# Visual Studio 2005
Project("{FAE04EC0-301F-11D3-BF4B-00C04F79EFBC}") = "Conference", "Conference.csproj", "{77F2C2EF-2B46-4CF5-B6A2-7F525AF81794}"
EndProject
Global
	GlobalSection(SolutionConfigurationPlatforms) = preSolution
		Debug|Any CPU = Debug|Any CPU
		Release|Any CPU = Release|Any CPU
	EndGlobalSection
	GlobalSection(ProjectConfigurationPlatforms) = postSolution
		{77F2C2EF-2B46-4CF5-B6A2-7F525AF81794}.Debug|Any CPU.ActiveCfg = Debug|Any CPU
		{77F2C2EF-2B46-4CF5-B6A2-7F525AF81794}.Debug|Any CPU.Build.0 = Debug|Any CPU
		{77F2C2EF-2B46-4CF5-B6A2-7F525AF81794}.Release|Any CPU.ActiveCfg = Release|Any CPU
		{77F2C2EF-2B46-4CF5-B6A2-7F525AF81794}.Release|Any CPU.Build.0 = Release|Any CPU
	EndGlobalSection
	GlobalSection(SolutionProperties) = preSolution
		HideSolutionNode = FALSE
	EndGlobalSection
EndGlobal
